{
  "nodes": {
    "cnc-ddraw": {
      "flake": false,
      "locked": {
        "lastModified": 1751539807,
        "narHash": "sha256-2D01XQwv0dGAa+OepG2qpPKmYTTHami8a0as6s509ng=",
        "owner": "FunkyFr3sh",
        "repo": "cnc-ddraw",
        "rev": "a0b81b11553e1af358396f15ed7f30b9674c390e",
        "type": "github"
      },
      "original": {
        "owner": "FunkyFr3sh",
        "repo": "cnc-ddraw",
        "type": "github"
      }
    },
    "nixpkgs": {
      "locked": {
        "lastModified": 1778869304,
        "narHash": "sha256-30sZNZoA1cqF5JNO9fVX+wgiQYjB7HJqqJ4ztCDeBZE=",
        "owner": "NixOS",
        "repo": "nixpkgs",
        "rev": "d233902339c02a9c334e7e593de68855ad26c4cb",
        "type": "github"
      },
      "original": {
        "owner": "NixOS",
        "ref": "nixos-unstable",
        "repo": "nixpkgs",
        "type": "github"
      }
    },
    "nixpkgs_2": {
      "locked": {
        "lastModified": 1778869304,
        "narHash": "sha256-30sZNZoA1cqF5JNO9fVX+wgiQYjB7HJqqJ4ztCDeBZE=",
        "owner": "NixOS",
        "repo": "nixpkgs",
        "rev": "d233902339c02a9c334e7e593de68855ad26c4cb",
        "type": "github"
      },
      "original": {
        "owner": "NixOS",
        "ref": "nixos-unstable",
        "repo": "nixpkgs",
        "type": "github"
      }
    },
    "ra-redalert-mix": {
      "flake": false,
      "locked": {
        "narHash": "sha256-vzlrJLsw13olA3DmIZF9pbPKUWHB+SwolI9oQUvYpxM=",
        "type": "file",
        "url": "https://archive.org/download/cnc-red-alert/redalert_allied.iso/INSTALL%2FREDALERT.MIX"
      },
      "original": {
        "type": "file",
        "url": "https://archive.org/download/cnc-red-alert/redalert_allied.iso/INSTALL%2FREDALERT.MIX"
      }
    },
    "ra-thipx16": {
      "flake": false,
      "locked": {
        "narHash": "sha256-gGWql6FUTMdDG71OhCR8g9tcQKQzdr3xpGwTHmp2tUM=",
        "type": "file",
        "url": "https://archive.org/download/cnc-red-alert/redalert_allied.iso/INSTALL%2FTHIPX16.DLL"
      },
      "original": {
        "type": "file",
        "url": "https://archive.org/download/cnc-red-alert/redalert_allied.iso/INSTALL%2FTHIPX16.DLL"
      }
    },
    "ra-thipx32": {
      "flake": false,
      "locked": {
        "narHash": "sha256-hEOonASYJg1/whQz1gAf8oNZ6AW5BWG2mFUhcdFUCnQ=",
        "type": "file",
        "url": "https://archive.org/download/cnc-red-alert/redalert_allied.iso/INSTALL%2FTHIPX32.DLL"
      },
      "original": {
        "type": "file",
        "url": "https://archive.org/download/cnc-red-alert/redalert_allied.iso/INSTALL%2FTHIPX32.DLL"
      }
    },
    "ra95-exe": {
      "flake": false,
      "locked": {
        "narHash": "sha256-eW0h/to/IbRQQfXoUlMQJHcuQGGijEu6ZFYn4P9PRk8=",
        "type": "file",
        "url": "https://archive.org/download/cnc-red-alert/redalert_allied.iso/INSTALL%2FRA95.EXE"
      },
      "original": {
        "type": "file",
        "url": "https://archive.org/download/cnc-red-alert/redalert_allied.iso/INSTALL%2FRA95.EXE"
      }
    },
    "root": {
      "inputs": {
        "cnc-ddraw": "cnc-ddraw",
        "nixpkgs": "nixpkgs",
        "ra-redalert-mix": "ra-redalert-mix",
        "ra-thipx16": "ra-thipx16",
        "ra-thipx32": "ra-thipx32",
        "ra95-exe": "ra95-exe",
        "wine-input": "wine-input"
      }
    },
    "wine-input": {
      "inputs": {
        "nixpkgs": "nixpkgs_2"
      },
      "locked": {
        "narHash": "sha256-En252qwcPsxoFqSHKdKyKVr3xPONXslljPQP5WP10fE=",
        "path": "./tools/wine-input",
        "type": "path"
      },
      "original": {
        "path": "./tools/wine-input",
        "type": "path"
      },
      "parent": []
    }
  },
  "root": "root",
  "version": 7
}
