{
  "nodes": {
    "cnc-ddraw": {
      "flake": false,
      "locked": {
        "lastModified": 1751539807,
        "narHash": "sha256-2D01XQwv0dGAa+OepG2qpPKmYTTHami8a0as6s509ng=",
        "owner": "FunkyFr3sh",
        "repo": "cnc-ddraw",
        "rev": "a0b81b11553e1af358396f15ed7f30b9674c390e",
        "type": "github"
      },
      "original": {
        "owner": "FunkyFr3sh",
        "repo": "cnc-ddraw",
        "type": "github"
      }
    },
    "nixpkgs": {
      "locked": {
        "lastModified": 1778869304,
        "narHash": "sha256-30sZNZoA1cqF5JNO9fVX+wgiQYjB7HJqqJ4ztCDeBZE=",
        "owner": "NixOS",
        "repo": "nixpkgs",
        "rev": "d233902339c02a9c334e7e593de68855ad26c4cb",
        "type": "github"
      },
      "original": {
        "owner": "NixOS",
        "ref": "nixos-unstable",
        "repo": "nixpkgs",
        "type": "github"
      }
    },
    "nixpkgs_2": {
      "locked": {
        "lastModified": 1778869304,
        "narHash": "sha256-30sZNZoA1cqF5JNO9fVX+wgiQYjB7HJqqJ4ztCDeBZE=",
        "owner": "NixOS",
        "repo": "nixpkgs",
        "rev": "d233902339c02a9c334e7e593de68855ad26c4cb",
        "type": "github"
      },
      "original": {
        "owner": "NixOS",
        "ref": "nixos-unstable",
        "repo": "nixpkgs",
        "type": "github"
      }
    },
    "redalert-allied-iso": {
      "flake": false,
      "locked": {
        "narHash": "sha256-BVcuRCmDcllmkDYY/vqOFrW2MStgW0PqYx/raYYQihw=",
        "type": "file",
        "url": "https://archive.org/download/cnc-red-alert/redalert_allied.iso"
      },
      "original": {
        "type": "file",
        "url": "https://archive.org/download/cnc-red-alert/redalert_allied.iso"
      }
    },
    "redalert-soviet-iso": {
      "flake": false,
      "locked": {
        "narHash": "sha256-ALyYo33aoERgC1/lwuee29Nijt/m/ev3wD97hIK6jIw=",
        "type": "file",
        "url": "https://archive.org/download/cnc-red-alert/redalert_soviets.iso"
      },
      "original": {
        "type": "file",
        "url": "https://archive.org/download/cnc-red-alert/redalert_soviets.iso"
      }
    },
    "root": {
      "inputs": {
        "cnc-ddraw": "cnc-ddraw",
        "nixpkgs": "nixpkgs",
        "redalert-allied-iso": "redalert-allied-iso",
        "redalert-soviet-iso": "redalert-soviet-iso",
        "wine-input": "wine-input"
      }
    },
    "wine-input": {
      "inputs": {
        "nixpkgs": "nixpkgs_2"
      },
      "locked": {
        "narHash": "sha256-En252qwcPsxoFqSHKdKyKVr3xPONXslljPQP5WP10fE=",
        "path": "./tools/wine-input",
        "type": "path"
      },
      "original": {
        "path": "./tools/wine-input",
        "type": "path"
      },
      "parent": []
    }
  },
  "root": "root",
  "version": 7
}
